
Microsoft Visual Studio Solution File, Format Version 12.00
# Visual Studio Version 17
VisualStudioVersion = 17.0.32014.148
MinimumVisualStudioVersion = 10.0.40219.1
Project("{9A19103F-16F7-4668-BE54-9A1E7A4F7556}") = "Evolution", "Evolution\Evolution.csproj", "{1173B969-D96C-4FEE-8D47-3C667B7DD7F7}"
EndProject
Project("{9A19103F-16F7-4668-BE54-9A1E7A4F7556}") = "EvolutionCore", "EvolutionCore\EvolutionCore.csproj", "{F6AABE47-032D-44D0-AB04-DCB9CE8B0078}"
EndProject
Project("{FAE04EC0-301F-11D3-BF4B-00C04F79EFBC}") = "EvolutionWPF", "EvolutionWPF\EvolutionWPF.csproj", "{47C5534A-15DF-45F4-A467-5EC17E61B47C}"
EndProject
Global
	GlobalSection(SolutionConfigurationPlatforms) = preSolution
		Debug|Any CPU = Debug|Any CPU
		Release|Any CPU = Release|Any CPU
	EndGlobalSection
	GlobalSection(ProjectConfigurationPlatforms) = postSolution
		{1173B969-D96C-4FEE-8D47-3C667B7DD7F7}.Debug|Any CPU.ActiveCfg = Debug|Any CPU
		{1173B969-D96C-4FEE-8D47-3C667B7DD7F7}.Debug|Any CPU.Build.0 = Debug|Any CPU
		{1173B969-D96C-4FEE-8D47-3C667B7DD7F7}.Release|Any CPU.ActiveCfg = Release|Any CPU
		{1173B969-D96C-4FEE-8D47-3C667B7DD7F7}.Release|Any CPU.Build.0 = Release|Any CPU
		{F6AABE47-032D-44D0-AB04-DCB9CE8B0078}.Debug|Any CPU.ActiveCfg = Debug|Any CPU
		{F6AABE47-032D-44D0-AB04-DCB9CE8B0078}.Debug|Any CPU.Build.0 = Debug|Any CPU
		{F6AABE47-032D-44D0-AB04-DCB9CE8B0078}.Release|Any CPU.ActiveCfg = Release|Any CPU
		{F6AABE47-032D-44D0-AB04-DCB9CE8B0078}.Release|Any CPU.Build.0 = Release|Any CPU
		{47C5534A-15DF-45F4-A467-5EC17E61B47C}.Debug|Any CPU.ActiveCfg = Debug|Any CPU
		{47C5534A-15DF-45F4-A467-5EC17E61B47C}.Debug|Any CPU.Build.0 = Debug|Any CPU
		{47C5534A-15DF-45F4-A467-5EC17E61B47C}.Release|Any CPU.ActiveCfg = Release|Any CPU
		{47C5534A-15DF-45F4-A467-5EC17E61B47C}.Release|Any CPU.Build.0 = Release|Any CPU
	EndGlobalSection
	GlobalSection(SolutionProperties) = preSolution
		HideSolutionNode = FALSE
	EndGlobalSection
	GlobalSection(ExtensibilityGlobals) = postSolution
		SolutionGuid = {48E7F132-DA13-4276-99B3-D696A06691DC}
	EndGlobalSection
EndGlobal
